
Microsoft Visual Studio Solution File, Format Version 12.00
# Visual Studio Version 17
VisualStudioVersion = 17.5.33530.505
MinimumVisualStudioVersion = 10.0.40219.1
Project("{FAE04EC0-301F-11D3-BF4B-00C04F79EFBC}") = "Практическая 5", "Практическая 5.csproj", "{4CEAFEFC-8F4C-4241-9632-94ACF6761D4C}"
EndProject
Global
	GlobalSection(SolutionConfigurationPlatforms) = preSolution
		Debug|Any CPU = Debug|Any CPU
		Release|Any CPU = Release|Any CPU
	EndGlobalSection
	GlobalSection(ProjectConfigurationPlatforms) = postSolution
		{4CEAFEFC-8F4C-4241-9632-94ACF6761D4C}.Debug|Any CPU.ActiveCfg = Debug|Any CPU
		{4CEAFEFC-8F4C-4241-9632-94ACF6761D4C}.Debug|Any CPU.Build.0 = Debug|Any CPU
		{4CEAFEFC-8F4C-4241-9632-94ACF6761D4C}.Release|Any CPU.ActiveCfg = Release|Any CPU
		{4CEAFEFC-8F4C-4241-9632-94ACF6761D4C}.Release|Any CPU.Build.0 = Release|Any CPU
	EndGlobalSection
	GlobalSection(SolutionProperties) = preSolution
		HideSolutionNode = FALSE
	EndGlobalSection
	GlobalSection(ExtensibilityGlobals) = postSolution
		SolutionGuid = {58391E33-38B9-4887-9C20-961D163C9F80}
	EndGlobalSection
EndGlobal
